
Microsoft Visual Studio Solution File, Format Version 12.00
# Visual Studio Version 17
VisualStudioVersion = 17.11.35303.130
MinimumVisualStudioVersion = 10.0.40219.1
Project("{9A19103F-16F7-4668-BE54-9A1E7A4F7556}") = "Lab1", "Lab1\Lab1.csproj", "{DC1969FC-CBB2-44AC-B4A0-CA7B38D0FAB8}"
EndProject
Project("{FAE04EC0-301F-11D3-BF4B-00C04F79EFBC}") = "Sum", "Sum\Sum.csproj", "{73113545-90F1-4513-B719-FEC19A951385}"
EndProject
Global
	GlobalSection(SolutionConfigurationPlatforms) = preSolution
		Debug|Any CPU = Debug|Any CPU
		Release|Any CPU = Release|Any CPU
	EndGlobalSection
	GlobalSection(ProjectConfigurationPlatforms) = postSolution
		{DC1969FC-CBB2-44AC-B4A0-CA7B38D0FAB8}.Debug|Any CPU.ActiveCfg = Debug|Any CPU
		{DC1969FC-CBB2-44AC-B4A0-CA7B38D0FAB8}.Debug|Any CPU.Build.0 = Debug|Any CPU
		{DC1969FC-CBB2-44AC-B4A0-CA7B38D0FAB8}.Release|Any CPU.ActiveCfg = Release|Any CPU
		{DC1969FC-CBB2-44AC-B4A0-CA7B38D0FAB8}.Release|Any CPU.Build.0 = Release|Any CPU
		{73113545-90F1-4513-B719-FEC19A951385}.Debug|Any CPU.ActiveCfg = Debug|Any CPU
		{73113545-90F1-4513-B719-FEC19A951385}.Debug|Any CPU.Build.0 = Debug|Any CPU
		{73113545-90F1-4513-B719-FEC19A951385}.Release|Any CPU.ActiveCfg = Release|Any CPU
		{73113545-90F1-4513-B719-FEC19A951385}.Release|Any CPU.Build.0 = Release|Any CPU
	EndGlobalSection
	GlobalSection(SolutionProperties) = preSolution
		HideSolutionNode = FALSE
	EndGlobalSection
	GlobalSection(ExtensibilityGlobals) = postSolution
		SolutionGuid = {24DEB9E8-EFD6-48CC-BCC5-CC0F9B195784}
	EndGlobalSection
EndGlobal
