
Microsoft Visual Studio Solution File, Format Version 12.00
# Visual Studio Version 17
VisualStudioVersion = 17.11.35303.130
MinimumVisualStudioVersion = 10.0.40219.1
Project("{FAE04EC0-301F-11D3-BF4B-00C04F79EFBC}") = "ASPCMVC01", "Lad2a\ASPCMVC01.csproj", "{5A8B3135-0748-42EB-91F1-231917750716}"
EndProject
Project("{FAE04EC0-301F-11D3-BF4B-00C04F79EFBC}") = "ASPCMVC02", "ASPCMVC02\ASPCMVC02.csproj", "{0EBB6F66-1AF9-4904-9ABB-D5005C30E7DF}"
EndProject
Project("{FAE04EC0-301F-11D3-BF4B-00C04F79EFBC}") = "ASPCMVC03", "ASPCMVC03\ASPCMVC03.csproj", "{9839DCD1-E4B7-402E-ACF8-31AF9EA39B1D}"
EndProject
Project("{FAE04EC0-301F-11D3-BF4B-00C04F79EFBC}") = "ASPCMVC04", "ASPCMVC04\ASPCMVC04.csproj", "{EB64A96A-3563-4F37-B09C-915C44F226B8}"
EndProject
Project("{FAE04EC0-301F-11D3-BF4B-00C04F79EFBC}") = "ASPCMVC05", "ASPCMVC05\ASPCMVC05.csproj", "{264C6101-7D4B-4246-A934-5C2051B3E002}"
EndProject
Global
	GlobalSection(SolutionConfigurationPlatforms) = preSolution
		Debug|Any CPU = Debug|Any CPU
		Release|Any CPU = Release|Any CPU
	EndGlobalSection
	GlobalSection(ProjectConfigurationPlatforms) = postSolution
		{5A8B3135-0748-42EB-91F1-231917750716}.Debug|Any CPU.ActiveCfg = Debug|Any CPU
		{5A8B3135-0748-42EB-91F1-231917750716}.Debug|Any CPU.Build.0 = Debug|Any CPU
		{5A8B3135-0748-42EB-91F1-231917750716}.Release|Any CPU.ActiveCfg = Release|Any CPU
		{5A8B3135-0748-42EB-91F1-231917750716}.Release|Any CPU.Build.0 = Release|Any CPU
		{0EBB6F66-1AF9-4904-9ABB-D5005C30E7DF}.Debug|Any CPU.ActiveCfg = Debug|Any CPU
		{0EBB6F66-1AF9-4904-9ABB-D5005C30E7DF}.Debug|Any CPU.Build.0 = Debug|Any CPU
		{0EBB6F66-1AF9-4904-9ABB-D5005C30E7DF}.Release|Any CPU.ActiveCfg = Release|Any CPU
		{0EBB6F66-1AF9-4904-9ABB-D5005C30E7DF}.Release|Any CPU.Build.0 = Release|Any CPU
		{9839DCD1-E4B7-402E-ACF8-31AF9EA39B1D}.Debug|Any CPU.ActiveCfg = Debug|Any CPU
		{9839DCD1-E4B7-402E-ACF8-31AF9EA39B1D}.Debug|Any CPU.Build.0 = Debug|Any CPU
		{9839DCD1-E4B7-402E-ACF8-31AF9EA39B1D}.Release|Any CPU.ActiveCfg = Release|Any CPU
		{9839DCD1-E4B7-402E-ACF8-31AF9EA39B1D}.Release|Any CPU.Build.0 = Release|Any CPU
		{EB64A96A-3563-4F37-B09C-915C44F226B8}.Debug|Any CPU.ActiveCfg = Debug|Any CPU
		{EB64A96A-3563-4F37-B09C-915C44F226B8}.Debug|Any CPU.Build.0 = Debug|Any CPU
		{EB64A96A-3563-4F37-B09C-915C44F226B8}.Release|Any CPU.ActiveCfg = Release|Any CPU
		{EB64A96A-3563-4F37-B09C-915C44F226B8}.Release|Any CPU.Build.0 = Release|Any CPU
		{264C6101-7D4B-4246-A934-5C2051B3E002}.Debug|Any CPU.ActiveCfg = Debug|Any CPU
		{264C6101-7D4B-4246-A934-5C2051B3E002}.Debug|Any CPU.Build.0 = Debug|Any CPU
		{264C6101-7D4B-4246-A934-5C2051B3E002}.Release|Any CPU.ActiveCfg = Release|Any CPU
		{264C6101-7D4B-4246-A934-5C2051B3E002}.Release|Any CPU.Build.0 = Release|Any CPU
	EndGlobalSection
	GlobalSection(SolutionProperties) = preSolution
		HideSolutionNode = FALSE
	EndGlobalSection
	GlobalSection(ExtensibilityGlobals) = postSolution
		SolutionGuid = {DBC4ED01-8726-4E8C-A602-E87CA2C79C7C}
	EndGlobalSection
EndGlobal
